
Microsoft Visual Studio Solution File, Format Version 12.00
# Visual Studio Version 17
VisualStudioVersion = 17.10.35027.167
MinimumVisualStudioVersion = 10.0.40219.1
Project("{9A19103F-16F7-4668-BE54-9A1E7A4F7556}") = "Downloader.Desktop", "Downloader.Desktop\Downloader.Desktop.csproj", "{F16ECCF2-B38F-48ED-9507-115F09F6BD70}"
EndProject
Project("{FAE04EC0-301F-11D3-BF4B-00C04F79EFBC}") = "Downloader.Desktop.Tests", "Downloader.Desktop.Tests\Downloader.Desktop.Tests.csproj", "{B8C27401-1F11-4966-8A2F-141B49BB3371}"
EndProject
Project("{FAE04EC0-301F-11D3-BF4B-00C04F79EFBC}") = "Downloader.Desktop.Plugins.Abstractions", "Downloader.Desktop.Plugins.Abstractions\Downloader.Desktop.Plugins.Abstractions.csproj", "{1DB53C8D-18A1-4679-8AE7-B799DE4609FA}"
EndProject
Project("{2150E333-8FDC-42A3-9474-1A3956D46DE8}") = "Downloader.Desktop.Plugins", "Downloader.Desktop.Plugins", "{ED719078-3190-22D0-AF3B-C9EEF0992CAA}"
EndProject
Project("{FAE04EC0-301F-11D3-BF4B-00C04F79EFBC}") = "Downloader.Desktop.Plugins.GitHub", "Downloader.Desktop.Plugins\Downloader.Desktop.Plugins.GitHub\Downloader.Desktop.Plugins.GitHub.csproj", "{FFD05CAB-7A05-4312-9C3B-8F5DCABE9A22}"
EndProject
Project("{FAE04EC0-301F-11D3-BF4B-00C04F79EFBC}") = "Downloader.Desktop.Plugins.Ollama", "Downloader.Desktop.Plugins\Downloader.Desktop.Plugins.Ollama\Downloader.Desktop.Plugins.Ollama.csproj", "{7C1D867B-27FE-4E84-BC37-CC78128C15E3}"
EndProject
Project("{FAE04EC0-301F-11D3-BF4B-00C04F79EFBC}") = "Downloader.Desktop.Plugins.Hls", "Downloader.Desktop.Plugins\Downloader.Desktop.Plugins.Hls\Downloader.Desktop.Plugins.Hls.csproj", "{3593F888-3928-403C-96FB-BC5C5D73D49C}"
EndProject
Project("{FAE04EC0-301F-11D3-BF4B-00C04F79EFBC}") = "Downloader.Desktop.Plugins.Website", "Downloader.Desktop.Plugins\Downloader.Desktop.Plugins.Website\Downloader.Desktop.Plugins.Website.csproj", "{5C1948F8-92D9-4B54-9C20-9043EFE26670}"
EndProject
Project("{FAE04EC0-301F-11D3-BF4B-00C04F79EFBC}") = "Downloader.Desktop.Plugins.SiteMedia", "Downloader.Desktop.Plugins\Downloader.Desktop.Plugins.SiteMedia\Downloader.Desktop.Plugins.SiteMedia.csproj", "{66AB14A9-75CC-45C3-A43C-3E68D7AA375D}"
EndProject
Global
	GlobalSection(SolutionConfigurationPlatforms) = preSolution
		Debug|Any CPU = Debug|Any CPU
		Debug|x64 = Debug|x64
		Debug|x86 = Debug|x86
		Release|Any CPU = Release|Any CPU
		Release|x64 = Release|x64
		Release|x86 = Release|x86
	EndGlobalSection
	GlobalSection(ProjectConfigurationPlatforms) = postSolution
		{F16ECCF2-B38F-48ED-9507-115F09F6BD70}.Debug|Any CPU.ActiveCfg = Debug|Any CPU
		{F16ECCF2-B38F-48ED-9507-115F09F6BD70}.Debug|Any CPU.Build.0 = Debug|Any CPU
		{F16ECCF2-B38F-48ED-9507-115F09F6BD70}.Debug|x64.ActiveCfg = Debug|Any CPU
		{F16ECCF2-B38F-48ED-9507-115F09F6BD70}.Debug|x64.Build.0 = Debug|Any CPU
		{F16ECCF2-B38F-48ED-9507-115F09F6BD70}.Debug|x86.ActiveCfg = Debug|Any CPU
		{F16ECCF2-B38F-48ED-9507-115F09F6BD70}.Debug|x86.Build.0 = Debug|Any CPU
		{F16ECCF2-B38F-48ED-9507-115F09F6BD70}.Release|Any CPU.ActiveCfg = Release|Any CPU
		{F16ECCF2-B38F-48ED-9507-115F09F6BD70}.Release|Any CPU.Build.0 = Release|Any CPU
		{F16ECCF2-B38F-48ED-9507-115F09F6BD70}.Release|x64.ActiveCfg = Release|Any CPU
		{F16ECCF2-B38F-48ED-9507-115F09F6BD70}.Release|x64.Build.0 = Release|Any CPU
		{F16ECCF2-B38F-48ED-9507-115F09F6BD70}.Release|x86.ActiveCfg = Release|Any CPU
		{F16ECCF2-B38F-48ED-9507-115F09F6BD70}.Release|x86.Build.0 = Release|Any CPU
		{B8C27401-1F11-4966-8A2F-141B49BB3371}.Debug|Any CPU.ActiveCfg = Debug|Any CPU
		{B8C27401-1F11-4966-8A2F-141B49BB3371}.Debug|Any CPU.Build.0 = Debug|Any CPU
		{B8C27401-1F11-4966-8A2F-141B49BB3371}.Debug|x64.ActiveCfg = Debug|Any CPU
		{B8C27401-1F11-4966-8A2F-141B49BB3371}.Debug|x64.Build.0 = Debug|Any CPU
		{B8C27401-1F11-4966-8A2F-141B49BB3371}.Debug|x86.ActiveCfg = Debug|Any CPU
		{B8C27401-1F11-4966-8A2F-141B49BB3371}.Debug|x86.Build.0 = Debug|Any CPU
		{B8C27401-1F11-4966-8A2F-141B49BB3371}.Release|Any CPU.ActiveCfg = Release|Any CPU
		{B8C27401-1F11-4966-8A2F-141B49BB3371}.Release|Any CPU.Build.0 = Release|Any CPU
		{B8C27401-1F11-4966-8A2F-141B49BB3371}.Release|x64.ActiveCfg = Release|Any CPU
		{B8C27401-1F11-4966-8A2F-141B49BB3371}.Release|x64.Build.0 = Release|Any CPU
		{B8C27401-1F11-4966-8A2F-141B49BB3371}.Release|x86.ActiveCfg = Release|Any CPU
		{B8C27401-1F11-4966-8A2F-141B49BB3371}.Release|x86.Build.0 = Release|Any CPU
		{1DB53C8D-18A1-4679-8AE7-B799DE4609FA}.Debug|Any CPU.ActiveCfg = Debug|Any CPU
		{1DB53C8D-18A1-4679-8AE7-B799DE4609FA}.Debug|Any CPU.Build.0 = Debug|Any CPU
		{1DB53C8D-18A1-4679-8AE7-B799DE4609FA}.Debug|x64.ActiveCfg = Debug|Any CPU
		{1DB53C8D-18A1-4679-8AE7-B799DE4609FA}.Debug|x64.Build.0 = Debug|Any CPU
		{1DB53C8D-18A1-4679-8AE7-B799DE4609FA}.Debug|x86.ActiveCfg = Debug|Any CPU
		{1DB53C8D-18A1-4679-8AE7-B799DE4609FA}.Debug|x86.Build.0 = Debug|Any CPU
		{1DB53C8D-18A1-4679-8AE7-B799DE4609FA}.Release|Any CPU.ActiveCfg = Release|Any CPU
		{1DB53C8D-18A1-4679-8AE7-B799DE4609FA}.Release|Any CPU.Build.0 = Release|Any CPU
		{1DB53C8D-18A1-4679-8AE7-B799DE4609FA}.Release|x64.ActiveCfg = Release|Any CPU
		{1DB53C8D-18A1-4679-8AE7-B799DE4609FA}.Release|x64.Build.0 = Release|Any CPU
		{1DB53C8D-18A1-4679-8AE7-B799DE4609FA}.Release|x86.ActiveCfg = Release|Any CPU
		{1DB53C8D-18A1-4679-8AE7-B799DE4609FA}.Release|x86.Build.0 = Release|Any CPU
		{FFD05CAB-7A05-4312-9C3B-8F5DCABE9A22}.Debug|Any CPU.ActiveCfg = Debug|Any CPU
		{FFD05CAB-7A05-4312-9C3B-8F5DCABE9A22}.Debug|Any CPU.Build.0 = Debug|Any CPU
		{FFD05CAB-7A05-4312-9C3B-8F5DCABE9A22}.Debug|x64.ActiveCfg = Debug|Any CPU
		{FFD05CAB-7A05-4312-9C3B-8F5DCABE9A22}.Debug|x64.Build.0 = Debug|Any CPU
		{FFD05CAB-7A05-4312-9C3B-8F5DCABE9A22}.Debug|x86.ActiveCfg = Debug|Any CPU
		{FFD05CAB-7A05-4312-9C3B-8F5DCABE9A22}.Debug|x86.Build.0 = Debug|Any CPU
		{FFD05CAB-7A05-4312-9C3B-8F5DCABE9A22}.Release|Any CPU.ActiveCfg = Release|Any CPU
		{FFD05CAB-7A05-4312-9C3B-8F5DCABE9A22}.Release|Any CPU.Build.0 = Release|Any CPU
		{FFD05CAB-7A05-4312-9C3B-8F5DCABE9A22}.Release|x64.ActiveCfg = Release|Any CPU
		{FFD05CAB-7A05-4312-9C3B-8F5DCABE9A22}.Release|x64.Build.0 = Release|Any CPU
		{FFD05CAB-7A05-4312-9C3B-8F5DCABE9A22}.Release|x86.ActiveCfg = Release|Any CPU
		{FFD05CAB-7A05-4312-9C3B-8F5DCABE9A22}.Release|x86.Build.0 = Release|Any CPU
		{7C1D867B-27FE-4E84-BC37-CC78128C15E3}.Debug|Any CPU.ActiveCfg = Debug|Any CPU
		{7C1D867B-27FE-4E84-BC37-CC78128C15E3}.Debug|Any CPU.Build.0 = Debug|Any CPU
		{7C1D867B-27FE-4E84-BC37-CC78128C15E3}.Debug|x64.ActiveCfg = Debug|Any CPU
		{7C1D867B-27FE-4E84-BC37-CC78128C15E3}.Debug|x64.Build.0 = Debug|Any CPU
		{7C1D867B-27FE-4E84-BC37-CC78128C15E3}.Debug|x86.ActiveCfg = Debug|Any CPU
		{7C1D867B-27FE-4E84-BC37-CC78128C15E3}.Debug|x86.Build.0 = Debug|Any CPU
		{7C1D867B-27FE-4E84-BC37-CC78128C15E3}.Release|Any CPU.ActiveCfg = Release|Any CPU
		{7C1D867B-27FE-4E84-BC37-CC78128C15E3}.Release|Any CPU.Build.0 = Release|Any CPU
		{7C1D867B-27FE-4E84-BC37-CC78128C15E3}.Release|x64.ActiveCfg = Release|Any CPU
		{7C1D867B-27FE-4E84-BC37-CC78128C15E3}.Release|x64.Build.0 = Release|Any CPU
		{7C1D867B-27FE-4E84-BC37-CC78128C15E3}.Release|x86.ActiveCfg = Release|Any CPU
		{7C1D867B-27FE-4E84-BC37-CC78128C15E3}.Release|x86.Build.0 = Release|Any CPU
		{3593F888-3928-403C-96FB-BC5C5D73D49C}.Debug|Any CPU.ActiveCfg = Debug|Any CPU
		{3593F888-3928-403C-96FB-BC5C5D73D49C}.Debug|Any CPU.Build.0 = Debug|Any CPU
		{3593F888-3928-403C-96FB-BC5C5D73D49C}.Debug|x64.ActiveCfg = Debug|Any CPU
		{3593F888-3928-403C-96FB-BC5C5D73D49C}.Debug|x64.Build.0 = Debug|Any CPU
		{3593F888-3928-403C-96FB-BC5C5D73D49C}.Debug|x86.ActiveCfg = Debug|Any CPU
		{3593F888-3928-403C-96FB-BC5C5D73D49C}.Debug|x86.Build.0 = Debug|Any CPU
		{3593F888-3928-403C-96FB-BC5C5D73D49C}.Release|Any CPU.ActiveCfg = Release|Any CPU
		{3593F888-3928-403C-96FB-BC5C5D73D49C}.Release|Any CPU.Build.0 = Release|Any CPU
		{3593F888-3928-403C-96FB-BC5C5D73D49C}.Release|x64.ActiveCfg = Release|Any CPU
		{3593F888-3928-403C-96FB-BC5C5D73D49C}.Release|x64.Build.0 = Release|Any CPU
		{3593F888-3928-403C-96FB-BC5C5D73D49C}.Release|x86.ActiveCfg = Release|Any CPU
		{3593F888-3928-403C-96FB-BC5C5D73D49C}.Release|x86.Build.0 = Release|Any CPU
		{5C1948F8-92D9-4B54-9C20-9043EFE26670}.Debug|Any CPU.ActiveCfg = Debug|Any CPU
		{5C1948F8-92D9-4B54-9C20-9043EFE26670}.Debug|Any CPU.Build.0 = Debug|Any CPU
		{5C1948F8-92D9-4B54-9C20-9043EFE26670}.Debug|x64.ActiveCfg = Debug|Any CPU
		{5C1948F8-92D9-4B54-9C20-9043EFE26670}.Debug|x64.Build.0 = Debug|Any CPU
		{5C1948F8-92D9-4B54-9C20-9043EFE26670}.Debug|x86.ActiveCfg = Debug|Any CPU
		{5C1948F8-92D9-4B54-9C20-9043EFE26670}.Debug|x86.Build.0 = Debug|Any CPU
		{5C1948F8-92D9-4B54-9C20-9043EFE26670}.Release|Any CPU.ActiveCfg = Release|Any CPU
		{5C1948F8-92D9-4B54-9C20-9043EFE26670}.Release|Any CPU.Build.0 = Release|Any CPU
		{5C1948F8-92D9-4B54-9C20-9043EFE26670}.Release|x64.ActiveCfg = Release|Any CPU
		{5C1948F8-92D9-4B54-9C20-9043EFE26670}.Release|x64.Build.0 = Release|Any CPU
		{5C1948F8-92D9-4B54-9C20-9043EFE26670}.Release|x86.ActiveCfg = Release|Any CPU
		{5C1948F8-92D9-4B54-9C20-9043EFE26670}.Release|x86.Build.0 = Release|Any CPU
		{66AB14A9-75CC-45C3-A43C-3E68D7AA375D}.Debug|Any CPU.ActiveCfg = Debug|Any CPU
		{66AB14A9-75CC-45C3-A43C-3E68D7AA375D}.Debug|Any CPU.Build.0 = Debug|Any CPU
		{66AB14A9-75CC-45C3-A43C-3E68D7AA375D}.Debug|x64.ActiveCfg = Debug|Any CPU
		{66AB14A9-75CC-45C3-A43C-3E68D7AA375D}.Debug|x64.Build.0 = Debug|Any CPU
		{66AB14A9-75CC-45C3-A43C-3E68D7AA375D}.Debug|x86.ActiveCfg = Debug|Any CPU
		{66AB14A9-75CC-45C3-A43C-3E68D7AA375D}.Debug|x86.Build.0 = Debug|Any CPU
		{66AB14A9-75CC-45C3-A43C-3E68D7AA375D}.Release|Any CPU.ActiveCfg = Release|Any CPU
		{66AB14A9-75CC-45C3-A43C-3E68D7AA375D}.Release|Any CPU.Build.0 = Release|Any CPU
		{66AB14A9-75CC-45C3-A43C-3E68D7AA375D}.Release|x64.ActiveCfg = Release|Any CPU
		{66AB14A9-75CC-45C3-A43C-3E68D7AA375D}.Release|x64.Build.0 = Release|Any CPU
		{66AB14A9-75CC-45C3-A43C-3E68D7AA375D}.Release|x86.ActiveCfg = Release|Any CPU
		{66AB14A9-75CC-45C3-A43C-3E68D7AA375D}.Release|x86.Build.0 = Release|Any CPU
	EndGlobalSection
	GlobalSection(SolutionProperties) = preSolution
		HideSolutionNode = FALSE
	EndGlobalSection
	GlobalSection(NestedProjects) = preSolution
		{FFD05CAB-7A05-4312-9C3B-8F5DCABE9A22} = {ED719078-3190-22D0-AF3B-C9EEF0992CAA}
		{7C1D867B-27FE-4E84-BC37-CC78128C15E3} = {ED719078-3190-22D0-AF3B-C9EEF0992CAA}
		{3593F888-3928-403C-96FB-BC5C5D73D49C} = {ED719078-3190-22D0-AF3B-C9EEF0992CAA}
		{5C1948F8-92D9-4B54-9C20-9043EFE26670} = {ED719078-3190-22D0-AF3B-C9EEF0992CAA}
		{66AB14A9-75CC-45C3-A43C-3E68D7AA375D} = {ED719078-3190-22D0-AF3B-C9EEF0992CAA}
	EndGlobalSection
	GlobalSection(ExtensibilityGlobals) = postSolution
		SolutionGuid = {FD67F78A-3FD0-4EAE-87D9-B0D783B97C62}
	EndGlobalSection
EndGlobal
